
Microsoft Visual Studio Solution File, Format Version 12.00
# Visual Studio Version 17
VisualStudioVersion = 17.3.32901.215
MinimumVisualStudioVersion = 10.0.40219.1
Project("{9A19103F-16F7-4668-BE54-9A1E7A4F7556}") = "OAuth20.Server", "OAuth20.Server\OAuth20.Server.csproj", "{AE594E56-E074-4842-AF6D-4D51F0B85514}"
EndProject
Project("{9A19103F-16F7-4668-BE54-9A1E7A4F7556}") = "ClientApp_OpenId", "ClientApp_OpenId\ClientApp_OpenId.csproj", "{5344278D-1221-4822-BC46-B617A0888F73}"
EndProject
Project("{9A19103F-16F7-4668-BE54-9A1E7A4F7556}") = "ProtectedResourceApp_JwtBearer", "ProtectedResourceApp_JwtBearer\ProtectedResourceApp_JwtBearer.csproj", "{4E5368EB-E479-4934-9453-99E54DBB91B2}"
EndProject
Global
	GlobalSection(SolutionConfigurationPlatforms) = preSolution
		Debug|Any CPU = Debug|Any CPU
		Release|Any CPU = Release|Any CPU
	EndGlobalSection
	GlobalSection(ProjectConfigurationPlatforms) = postSolution
		{AE594E56-E074-4842-AF6D-4D51F0B85514}.Debug|Any CPU.ActiveCfg = Debug|Any CPU
		{AE594E56-E074-4842-AF6D-4D51F0B85514}.Debug|Any CPU.Build.0 = Debug|Any CPU
		{AE594E56-E074-4842-AF6D-4D51F0B85514}.Release|Any CPU.ActiveCfg = Release|Any CPU
		{AE594E56-E074-4842-AF6D-4D51F0B85514}.Release|Any CPU.Build.0 = Release|Any CPU
		{5344278D-1221-4822-BC46-B617A0888F73}.Debug|Any CPU.ActiveCfg = Debug|Any CPU
		{5344278D-1221-4822-BC46-B617A0888F73}.Debug|Any CPU.Build.0 = Debug|Any CPU
		{5344278D-1221-4822-BC46-B617A0888F73}.Release|Any CPU.ActiveCfg = Release|Any CPU
		{5344278D-1221-4822-BC46-B617A0888F73}.Release|Any CPU.Build.0 = Release|Any CPU
		{4E5368EB-E479-4934-9453-99E54DBB91B2}.Debug|Any CPU.ActiveCfg = Debug|Any CPU
		{4E5368EB-E479-4934-9453-99E54DBB91B2}.Debug|Any CPU.Build.0 = Debug|Any CPU
		{4E5368EB-E479-4934-9453-99E54DBB91B2}.Release|Any CPU.ActiveCfg = Release|Any CPU
		{4E5368EB-E479-4934-9453-99E54DBB91B2}.Release|Any CPU.Build.0 = Release|Any CPU
	EndGlobalSection
	GlobalSection(SolutionProperties) = preSolution
		HideSolutionNode = FALSE
	EndGlobalSection
	GlobalSection(ExtensibilityGlobals) = postSolution
		SolutionGuid = {7D43B27E-F863-4832-9539-CCBFBB619BB6}
	EndGlobalSection
EndGlobal
